
Microsoft Visual Studio Solution File, Format Version 12.00
# Visual Studio Version 17
VisualStudioVersion = 17.5.33516.290
MinimumVisualStudioVersion = 10.0.40219.1
Project("{FAE04EC0-301F-11D3-BF4B-00C04F79EFBC}") = "z1", "z1\z1.csproj", "{4406A49F-C885-4A92-A847-5CC5E133645E}"
EndProject
Global
	GlobalSection(SolutionConfigurationPlatforms) = preSolution
		Debug|Any CPU = Debug|Any CPU
		Release|Any CPU = Release|Any CPU
	EndGlobalSection
	GlobalSection(ProjectConfigurationPlatforms) = postSolution
		{4406A49F-C885-4A92-A847-5CC5E133645E}.Debug|Any CPU.ActiveCfg = Debug|Any CPU
		{4406A49F-C885-4A92-A847-5CC5E133645E}.Debug|Any CPU.Build.0 = Debug|Any CPU
		{4406A49F-C885-4A92-A847-5CC5E133645E}.Release|Any CPU.ActiveCfg = Release|Any CPU
		{4406A49F-C885-4A92-A847-5CC5E133645E}.Release|Any CPU.Build.0 = Release|Any CPU
	EndGlobalSection
	GlobalSection(SolutionProperties) = preSolution
		HideSolutionNode = FALSE
	EndGlobalSection
	GlobalSection(ExtensibilityGlobals) = postSolution
		SolutionGuid = {220802F2-BBE6-4159-92C1-9339064FBD13}
	EndGlobalSection
EndGlobal
